metadata:
  phenotype: Bifascicular block
  group: Cardiovascular
  is_cancer: '0'
  is_adult: '1'
  variable_name: bifasc_block
  gender:
  - male
  - female
  authors: Torralbo, A; Davitte, J M; Croteau-Chonka, D C; Ytsma, C; Tomlinson, C;
    Fitzpatrick, N K; Chung, S C; Fatemifar, G; Cortes, A S; Richardson, T G; Barclay,
    M; Carrasco Zanini, J; Finan, C; Hemingway, H; Hingorani, A; Kuan, V; Langenberg,
    C; Lyratzopoulos, G; Lumbers, R T; Pietzner, M; Shah, A D; Thygesen, J H; Zelenka,
    N; Whittaker, J C; Ehm, M G; Denaxas, S
  uuid: bf467e6a-9655-4ba6-9562-6a5b1b4eb80d
  ontologies:
    DOID: null
    GWAS: null
    MESH: null
    SNOMED-CT: '74021003'
    FINNGEN: null
  short_desc: A conduction abnormality in the heart where two of the three main fascicles
    of the His/Purkinje system are blocked.
  long_desc: null
  priority: 5
definitions:
  20001:
    metadata:
      desc: Cancer code, self-reported
      time_qualifier:
        field_id: 20006
        type: year
    values: []
  20002:
    metadata:
      desc: Non-cancer illness code, self-reported
      time_qualifier:
        field_id: 20008
        type: year
    values: []
  20003:
    metadata:
      desc: Treatment/medication code
    values: []
  20004:
    metadata:
      desc: Operation code
    values: []
  41202:
    metadata:
      desc: Diagnoses - main ICD10
    values:
    - code: I45.2
      value: Bifascicular block
      type: any
  41204:
    metadata:
      desc: Diagnoses - secondary ICD10
    values:
    - code: I45.2
      value: Bifascicular block
      type: any
  41200:
    metadata:
      desc: Operative procedures - main OPCS4
    values: []
  41210:
    metadata:
      desc: Operative procedures - secondary OPCS4
    values: []
  40001:
    metadata:
      desc: 'Underlying (primary) cause of death: ICD10'
      time_qualifier:
        field_id: 40000
        type: date
    values:
    - code: I45.2
      value: Bifascicular block
      type: any
  40002:
    metadata:
      desc: 'Contributory (secondary) causes of death: ICD10'
      time_qualifier:
        field_id: 40000
        type: date
    values:
    - code: I45.2
      value: Bifascicular block
      type: any
  42040:
    metadata:
      desc: GP clinical event records
    values:
    - code: 329F.00
      value: 'ECG: right bundle branch and left anterior fascicular block'
      type: any
    - code: 329G.00
      value: 'ECG: right bundle branch and left posterior fascicular block'
      type: any
    - code: G565100
      value: Right BBB with left posterior fascicular block
      type: any
    - code: G565200
      value: Right BBB with left anterior fascicular block
      type: any
    - code: XaRCM
      value: 'ECG: right bundle branch and left anterior fascicular block'
      type: any
    - code: XaRCN
      value: 'ECG: right bundle branch and left posterior fascicular block'
      type: any
  42039:
    metadata:
      desc: GP prescription records
    values: []
  40006:
    metadata:
      desc: 'Type of cancer: ICD10'
      time_qualifier:
        field_id: 40005
        type: date
    values: []
